
Microsoft Visual Studio Solution File, Format Version 12.00
# Visual Studio 15
VisualStudioVersion = 15.0.28307.1169
MinimumVisualStudioVersion = 10.0.40219.1
Project("{F184B08F-C81C-45F6-A57F-5ABD9991F28F}") = "WIX_CustomAction", "WIX_CustomAction\WIX_CustomAction.vbproj", "{150CC467-504F-4C13-9A01-055E0DF91127}"
EndProject
Project("{F184B08F-C81C-45F6-A57F-5ABD9991F28F}") = "ExDocs-AutoCAD_Add-in", "ExDocs-AutoCAD_Add-in\ExDocs-AutoCAD_Add-in.vbproj", "{B569BC1F-44AF-4262-8F37-598ACE52B937}"
EndProject
Project("{F184B08F-C81C-45F6-A57F-5ABD9991F28F}") = "ExcitechDOCS.AutoCAD.Publish", "ExcitechDOCS.AutoCAD.Publish\ExcitechDOCS.AutoCAD.Publish.vbproj", "{68BC2FEC-8959-4EB4-B839-4841AEC25A90}"
EndProject
Project("{F184B08F-C81C-45F6-A57F-5ABD9991F28F}") = "ExcitechDOCS.AutoCAD.IPlugin", "ExcitechDOCS.AutoCAD.IPlugin\ExcitechDOCS.AutoCAD.IPlugin.vbproj", "{3B03D338-C1CE-4FB6-ADB8-1788A1831731}"
EndProject
Project("{2150E333-8FDC-42A3-9474-1A3956D46DE8}") = "References", "References", "{5DEB7D6D-4E75-4EB4-9E24-72722F26DFF7}"
	ProjectSection(SolutionItems) = preProject
		References\MFilesApi.dll = References\MFilesApi.dll
	EndProjectSection
EndProject
Project("{930C7802-8A8C-48F9-8165-68863BCCD9DD}") = "AutoCAD.Addin.Installer.x64", "AutoCAD.Addin.Installer\AutoCAD.Addin.Installer.x64.wixproj", "{740CECCE-98ED-4E0F-94FF-C30CDAAAE85B}"
EndProject
Global
	GlobalSection(SolutionConfigurationPlatforms) = preSolution
		Debug|Any CPU = Debug|Any CPU
		Debug|x64 = Debug|x64
		Debug|x86 = Debug|x86
		Release|Any CPU = Release|Any CPU
		Release|x64 = Release|x64
		Release|x86 = Release|x86
	EndGlobalSection
	GlobalSection(ProjectConfigurationPlatforms) = postSolution
		{150CC467-504F-4C13-9A01-055E0DF91127}.Debug|Any CPU.ActiveCfg = Debug|x86
		{150CC467-504F-4C13-9A01-055E0DF91127}.Debug|x64.ActiveCfg = Debug|x64
		{150CC467-504F-4C13-9A01-055E0DF91127}.Debug|x64.Build.0 = Debug|x64
		{150CC467-504F-4C13-9A01-055E0DF91127}.Debug|x86.ActiveCfg = Debug|x86
		{150CC467-504F-4C13-9A01-055E0DF91127}.Debug|x86.Build.0 = Debug|x86
		{150CC467-504F-4C13-9A01-055E0DF91127}.Release|Any CPU.ActiveCfg = Release|x86
		{150CC467-504F-4C13-9A01-055E0DF91127}.Release|x64.ActiveCfg = Release|x64
		{150CC467-504F-4C13-9A01-055E0DF91127}.Release|x64.Build.0 = Release|x64
		{150CC467-504F-4C13-9A01-055E0DF91127}.Release|x86.ActiveCfg = Release|x86
		{150CC467-504F-4C13-9A01-055E0DF91127}.Release|x86.Build.0 = Release|x86
		{B569BC1F-44AF-4262-8F37-598ACE52B937}.Debug|Any CPU.ActiveCfg = Debug|Any CPU
		{B569BC1F-44AF-4262-8F37-598ACE52B937}.Debug|Any CPU.Build.0 = Debug|Any CPU
		{B569BC1F-44AF-4262-8F37-598ACE52B937}.Debug|x64.ActiveCfg = Debug|Any CPU
		{B569BC1F-44AF-4262-8F37-598ACE52B937}.Debug|x64.Build.0 = Debug|Any CPU
		{B569BC1F-44AF-4262-8F37-598ACE52B937}.Debug|x86.ActiveCfg = Debug|Any CPU
		{B569BC1F-44AF-4262-8F37-598ACE52B937}.Debug|x86.Build.0 = Debug|Any CPU
		{B569BC1F-44AF-4262-8F37-598ACE52B937}.Release|Any CPU.ActiveCfg = Release|Any CPU
		{B569BC1F-44AF-4262-8F37-598ACE52B937}.Release|Any CPU.Build.0 = Release|Any CPU
		{B569BC1F-44AF-4262-8F37-598ACE52B937}.Release|x64.ActiveCfg = Release|Any CPU
		{B569BC1F-44AF-4262-8F37-598ACE52B937}.Release|x64.Build.0 = Release|Any CPU
		{B569BC1F-44AF-4262-8F37-598ACE52B937}.Release|x86.ActiveCfg = Release|Any CPU
		{B569BC1F-44AF-4262-8F37-598ACE52B937}.Release|x86.Build.0 = Release|Any CPU
		{68BC2FEC-8959-4EB4-B839-4841AEC25A90}.Debug|Any CPU.ActiveCfg = Debug|Any CPU
		{68BC2FEC-8959-4EB4-B839-4841AEC25A90}.Debug|Any CPU.Build.0 = Debug|Any CPU
		{68BC2FEC-8959-4EB4-B839-4841AEC25A90}.Debug|x64.ActiveCfg = Debug|Any CPU
		{68BC2FEC-8959-4EB4-B839-4841AEC25A90}.Debug|x64.Build.0 = Debug|Any CPU
		{68BC2FEC-8959-4EB4-B839-4841AEC25A90}.Debug|x86.ActiveCfg = Debug|Any CPU
		{68BC2FEC-8959-4EB4-B839-4841AEC25A90}.Debug|x86.Build.0 = Debug|Any CPU
		{68BC2FEC-8959-4EB4-B839-4841AEC25A90}.Release|Any CPU.ActiveCfg = Release|Any CPU
		{68BC2FEC-8959-4EB4-B839-4841AEC25A90}.Release|Any CPU.Build.0 = Release|Any CPU
		{68BC2FEC-8959-4EB4-B839-4841AEC25A90}.Release|x64.ActiveCfg = Release|Any CPU
		{68BC2FEC-8959-4EB4-B839-4841AEC25A90}.Release|x64.Build.0 = Release|Any CPU
		{68BC2FEC-8959-4EB4-B839-4841AEC25A90}.Release|x86.ActiveCfg = Release|Any CPU
		{68BC2FEC-8959-4EB4-B839-4841AEC25A90}.Release|x86.Build.0 = Release|Any CPU
		{3B03D338-C1CE-4FB6-ADB8-1788A1831731}.Debug|Any CPU.ActiveCfg = Debug|Any CPU
		{3B03D338-C1CE-4FB6-ADB8-1788A1831731}.Debug|Any CPU.Build.0 = Debug|Any CPU
		{3B03D338-C1CE-4FB6-ADB8-1788A1831731}.Debug|x64.ActiveCfg = Debug|Any CPU
		{3B03D338-C1CE-4FB6-ADB8-1788A1831731}.Debug|x64.Build.0 = Debug|Any CPU
		{3B03D338-C1CE-4FB6-ADB8-1788A1831731}.Debug|x86.ActiveCfg = Debug|Any CPU
		{3B03D338-C1CE-4FB6-ADB8-1788A1831731}.Debug|x86.Build.0 = Debug|Any CPU
		{3B03D338-C1CE-4FB6-ADB8-1788A1831731}.Release|Any CPU.ActiveCfg = Release|Any CPU
		{3B03D338-C1CE-4FB6-ADB8-1788A1831731}.Release|Any CPU.Build.0 = Release|Any CPU
		{3B03D338-C1CE-4FB6-ADB8-1788A1831731}.Release|x64.ActiveCfg = Release|Any CPU
		{3B03D338-C1CE-4FB6-ADB8-1788A1831731}.Release|x64.Build.0 = Release|Any CPU
		{3B03D338-C1CE-4FB6-ADB8-1788A1831731}.Release|x86.ActiveCfg = Release|Any CPU
		{3B03D338-C1CE-4FB6-ADB8-1788A1831731}.Release|x86.Build.0 = Release|Any CPU
		{740CECCE-98ED-4E0F-94FF-C30CDAAAE85B}.Debug|Any CPU.ActiveCfg = Debug|x86
		{740CECCE-98ED-4E0F-94FF-C30CDAAAE85B}.Debug|x64.ActiveCfg = Debug|x64
		{740CECCE-98ED-4E0F-94FF-C30CDAAAE85B}.Debug|x86.ActiveCfg = Debug|x86
		{740CECCE-98ED-4E0F-94FF-C30CDAAAE85B}.Debug|x86.Build.0 = Debug|x86
		{740CECCE-98ED-4E0F-94FF-C30CDAAAE85B}.Release|Any CPU.ActiveCfg = Release|x86
		{740CECCE-98ED-4E0F-94FF-C30CDAAAE85B}.Release|x64.ActiveCfg = Release|x64
		{740CECCE-98ED-4E0F-94FF-C30CDAAAE85B}.Release|x86.ActiveCfg = Release|x86
		{740CECCE-98ED-4E0F-94FF-C30CDAAAE85B}.Release|x86.Build.0 = Release|x86
	EndGlobalSection
	GlobalSection(SolutionProperties) = preSolution
		HideSolutionNode = FALSE
	EndGlobalSection
	GlobalSection(ExtensibilityGlobals) = postSolution
		SolutionGuid = {13A8CDD8-9291-4683-BA4D-711D1420EA92}
	EndGlobalSection
EndGlobal
